
Microsoft Visual Studio Solution File, Format Version 12.00
# Visual Studio 15
VisualStudioVersion = 15.0.27703.2035
MinimumVisualStudioVersion = 10.0.40219.1
Project("{FAE04EC0-301F-11D3-BF4B-00C04F79EFBC}") = "TouristTravel.Services", "TouristTravel.Services\TouristTravel.Services.csproj", "{A1F42A5D-2162-4C57-996C-47FF2B1460E9}"
EndProject
Project("{FAE04EC0-301F-11D3-BF4B-00C04F79EFBC}") = "TouristTravel.Data", "TouristTravel.Data\TouristTravel.Data.csproj", "{7E0A4C39-D09C-42D6-91DD-93B59740CABB}"
EndProject
Project("{FAE04EC0-301F-11D3-BF4B-00C04F79EFBC}") = "TouristTravel.WebApi", "TouristTravel.WebApi\TouristTravel.WebApi.csproj", "{83E98380-F6FC-45FC-ABFE-DE540918AE32}"
EndProject
Project("{FAE04EC0-301F-11D3-BF4B-00C04F79EFBC}") = "TouristTravel.Api", "TouristTravel.Api\TouristTravel.Api.csproj", "{4F84E566-56AD-4389-B47D-098F92DAB818}"
EndProject
Global
	GlobalSection(SolutionConfigurationPlatforms) = preSolution
		Debug|Any CPU = Debug|Any CPU
		Release|Any CPU = Release|Any CPU
	EndGlobalSection
	GlobalSection(ProjectConfigurationPlatforms) = postSolution
		{A1F42A5D-2162-4C57-996C-47FF2B1460E9}.Debug|Any CPU.ActiveCfg = Debug|Any CPU
		{A1F42A5D-2162-4C57-996C-47FF2B1460E9}.Debug|Any CPU.Build.0 = Debug|Any CPU
		{A1F42A5D-2162-4C57-996C-47FF2B1460E9}.Release|Any CPU.ActiveCfg = Release|Any CPU
		{A1F42A5D-2162-4C57-996C-47FF2B1460E9}.Release|Any CPU.Build.0 = Release|Any CPU
		{7E0A4C39-D09C-42D6-91DD-93B59740CABB}.Debug|Any CPU.ActiveCfg = Debug|Any CPU
		{7E0A4C39-D09C-42D6-91DD-93B59740CABB}.Debug|Any CPU.Build.0 = Debug|Any CPU
		{7E0A4C39-D09C-42D6-91DD-93B59740CABB}.Release|Any CPU.ActiveCfg = Release|Any CPU
		{7E0A4C39-D09C-42D6-91DD-93B59740CABB}.Release|Any CPU.Build.0 = Release|Any CPU
		{83E98380-F6FC-45FC-ABFE-DE540918AE32}.Debug|Any CPU.ActiveCfg = Debug|Any CPU
		{83E98380-F6FC-45FC-ABFE-DE540918AE32}.Debug|Any CPU.Build.0 = Debug|Any CPU
		{83E98380-F6FC-45FC-ABFE-DE540918AE32}.Release|Any CPU.ActiveCfg = Release|Any CPU
		{83E98380-F6FC-45FC-ABFE-DE540918AE32}.Release|Any CPU.Build.0 = Release|Any CPU
		{4F84E566-56AD-4389-B47D-098F92DAB818}.Debug|Any CPU.ActiveCfg = Debug|Any CPU
		{4F84E566-56AD-4389-B47D-098F92DAB818}.Debug|Any CPU.Build.0 = Debug|Any CPU
		{4F84E566-56AD-4389-B47D-098F92DAB818}.Release|Any CPU.ActiveCfg = Release|Any CPU
		{4F84E566-56AD-4389-B47D-098F92DAB818}.Release|Any CPU.Build.0 = Release|Any CPU
	EndGlobalSection
	GlobalSection(SolutionProperties) = preSolution
		HideSolutionNode = FALSE
	EndGlobalSection
	GlobalSection(ExtensibilityGlobals) = postSolution
		SolutionGuid = {B5565DFD-60C7-47A1-B89C-31AC990BFE6E}
	EndGlobalSection
EndGlobal
